<?xml version="1.0" encoding="utf-8"?>
<Project ToolsVersion="4.0" xmlns="http://schemas.microsoft.com/developer/msbuild/2003">
  <ItemGroup>
    <ClCompile Include="stdafx.cpp">
      <Filter>소스 파일</Filter>
    </ClCompile>
    <ClCompile Include="WinMain.cpp">
      <Filter>소스 파일</Filter>
    </ClCompile>
    <ClCompile Include="TestScene.cpp">
      <Filter>소스 파일</Filter>
    </ClCompile>
    <ClCompile Include="TitleScene.cpp">
      <Filter>소스 파일</Filter>
    </ClCompile>
    <ClCompile Include="VirtualPlayer.cpp">
      <Filter>소스 파일</Filter>
    </ClCompile>
    <ClCompile Include="SocketClient.cpp">
      <Filter>소스 파일</Filter>
    </ClCompile>
    <ClCompile Include="Player.cpp" />
    <ClCompile Include="CreateRoom.cpp" />
  </ItemGroup>
  <ItemGroup>
    <ClInclude Include="stdafx.h">
      <Filter>헤더 파일</Filter>
    </ClInclude>
    <ClInclude Include="TitleScene.h">
      <Filter>헤더 파일</Filter>
    </ClInclude>
    <ClInclude Include="TestScene.h">
      <Filter>헤더 파일</Filter>
    </ClInclude>
    <ClInclude Include="VirtualPlayer.h">
      <Filter>헤더 파일</Filter>
    </ClInclude>
    <ClInclude Include="SocketClient.h">
      <Filter>헤더 파일</Filter>
    </ClInclude>
    <ClInclude Include="Player.h" />
    <ClInclude Include="CreateRoom.h" />
  </ItemGroup>
  <ItemGroup>
    <Filter Include="헤더 파일">
      <UniqueIdentifier>{7ec6237b-5137-4ee7-b9db-848cbdf7664b}</UniqueIdentifier>
    </Filter>
    <Filter Include="소스 파일">
      <UniqueIdentifier>{d5d38f8e-d60e-4ca4-b84a-863d7db2b1f9}</UniqueIdentifier>
    </Filter>
    <Filter Include="소스 파일\Scene">
      <UniqueIdentifier>{3d5749c1-6bf4-426b-bdcc-ed1f018c0ee0}</UniqueIdentifier>
    </Filter>
  </ItemGroup>
</Project>